
Microsoft Visual Studio Solution File, Format Version 12.00
# Visual Studio 15
VisualStudioVersion = 15.0.28307.271
MinimumVisualStudioVersion = 10.0.40219.1
Project("{FAE04EC0-301F-11D3-BF4B-00C04F79EFBC}") = "UMod.Rust.BetterElectricity", "UMod.Rust.BetterElectricity\UMod.Rust.BetterElectricity.csproj", "{90E4EB29-B5C8-42FB-AB4F-30689B4738D2}"
EndProject
Global
	GlobalSection(SolutionConfigurationPlatforms) = preSolution
		Debug|Any CPU = Debug|Any CPU
		Release|Any CPU = Release|Any CPU
	EndGlobalSection
	GlobalSection(ProjectConfigurationPlatforms) = postSolution
		{90E4EB29-B5C8-42FB-AB4F-30689B4738D2}.Debug|Any CPU.ActiveCfg = Debug|Any CPU
		{90E4EB29-B5C8-42FB-AB4F-30689B4738D2}.Debug|Any CPU.Build.0 = Debug|Any CPU
		{90E4EB29-B5C8-42FB-AB4F-30689B4738D2}.Release|Any CPU.ActiveCfg = Release|Any CPU
		{90E4EB29-B5C8-42FB-AB4F-30689B4738D2}.Release|Any CPU.Build.0 = Release|Any CPU
	EndGlobalSection
	GlobalSection(SolutionProperties) = preSolution
		HideSolutionNode = FALSE
	EndGlobalSection
	GlobalSection(ExtensibilityGlobals) = postSolution
		SolutionGuid = {063F91E3-4D3B-4208-B6D9-DED9AA6DB1AD}
	EndGlobalSection
EndGlobal
